
Microsoft Visual Studio Solution File, Format Version 12.00
# Visual Studio 15
VisualStudioVersion = 15.0.28307.329
MinimumVisualStudioVersion = 10.0.40219.1
Project("{9A19103F-16F7-4668-BE54-9A1E7A4F7556}") = "CosmosEmulatorSample_Part1", "CosmosEmulatorSample_Part1\CosmosEmulatorSample_Part1.csproj", "{4473CB5E-1DD1-47FF-8F08-46E6837507C0}"
EndProject
Project("{9A19103F-16F7-4668-BE54-9A1E7A4F7556}") = "CosmosEmulatorSample_Part2", "CosmosEmulatorSample_Part2\CosmosEmulatorSample_Part2.csproj", "{24EC7AC2-F224-4EDD-9488-9BE43BA6591A}"
EndProject
Global
	GlobalSection(SolutionConfigurationPlatforms) = preSolution
		Debug|Any CPU = Debug|Any CPU
		Release|Any CPU = Release|Any CPU
	EndGlobalSection
	GlobalSection(ProjectConfigurationPlatforms) = postSolution
		{4473CB5E-1DD1-47FF-8F08-46E6837507C0}.Debug|Any CPU.ActiveCfg = Debug|Any CPU
		{4473CB5E-1DD1-47FF-8F08-46E6837507C0}.Debug|Any CPU.Build.0 = Debug|Any CPU
		{4473CB5E-1DD1-47FF-8F08-46E6837507C0}.Release|Any CPU.ActiveCfg = Release|Any CPU
		{4473CB5E-1DD1-47FF-8F08-46E6837507C0}.Release|Any CPU.Build.0 = Release|Any CPU
		{24EC7AC2-F224-4EDD-9488-9BE43BA6591A}.Debug|Any CPU.ActiveCfg = Debug|Any CPU
		{24EC7AC2-F224-4EDD-9488-9BE43BA6591A}.Debug|Any CPU.Build.0 = Debug|Any CPU
		{24EC7AC2-F224-4EDD-9488-9BE43BA6591A}.Release|Any CPU.ActiveCfg = Release|Any CPU
		{24EC7AC2-F224-4EDD-9488-9BE43BA6591A}.Release|Any CPU.Build.0 = Release|Any CPU
	EndGlobalSection
	GlobalSection(SolutionProperties) = preSolution
		HideSolutionNode = FALSE
	EndGlobalSection
	GlobalSection(ExtensibilityGlobals) = postSolution
		SolutionGuid = {BBC2B8B1-4CA4-4055-8F46-5E08AF6FB8D9}
	EndGlobalSection
EndGlobal
